<Solution>
  <Folder Name="/Services/">
    <Project Path="Catalog.API/Catalog.API.csproj" />
  </Folder>
  <Folder Name="/Share/">
    <Project Path="Shared/Shared.csproj" />
  </Folder>
  <Folder Name="/Solution Items/">
    <File Path="docker-compose.override.yml" />
    <File Path="docker-compose.yml" />
    <File Path="README.md" />
  </Folder>
  <Project Path="Catalog.API/Catalog.API.csproj" />
  <Project Path="Shared/Shared.csproj" />
</Solution>
